{
  "name": "kalesu arıtma",
  "lockfileVersion": 3,
  "requires": true,
  "packages": {
    "": {
      "dependencies": {
        "@anthropic-ai/claude-code-win32-x64": "^2.1.185"
      }
    },
    "node_modules/@anthropic-ai/claude-code-win32-x64": {
      "version": "2.1.185",
      "resolved": "https://registry.npmjs.org/@anthropic-ai/claude-code-win32-x64/-/claude-code-win32-x64-2.1.185.tgz",
      "integrity": "sha512-HDciy8qvlDWeMQ+CXcdAU+XyRvHZjcrcfi5lG/Hzt2wQkDd/U7026feg14tWQg//NHTM3DwT4IlSnO47+dxmPw==",
      "cpu": [
        "x64"
      ],
      "license": "SEE LICENSE IN LICENSE.md",
      "os": [
        "win32"
      ]
    }
  }
}
